// !$*UTF8*$!
{
	archiveVersion = 1;
	classes = {
	};
	objectVersion = 51;
	objects = {

/* Begin PBXBuildFile section */
		972955E61C9606E4F5359666 /* Pods_Drively.framework in Frameworks */ = {isa = PBXBuildFile; fileRef = 1C925772E092E0CEB89AF947 /* Pods_Drively.framework */; };
		9E2CDA68248BEC760084E172 /* RiderViewController.swift in Sources */ = {isa = PBXBuildFile; fileRef = 9E2CDA67248BEC760084E172 /* RiderViewController.swift */; };
		9E2CDA6A248BF1E20084E172 /* SettingsTableViewController.swift in Sources */ = {isa = PBXBuildFile; fileRef = 9E2CDA69248BF1E20084E172 /* SettingsTableViewController.swift */; };
		9E545EE3248A7B6E001B6481 /* CircularButton.swift in Sources */ = {isa = PBXBuildFile; fileRef = 9E545EE2248A7B6E001B6481 /* CircularButton.swift */; };
		9E545EE7248AC863001B6481 /* LoginViewController.swift in Sources */ = {isa = PBXBuildFile; fileRef = 9E545EE6248AC863001B6481 /* LoginViewController.swift */; };
		9E545EE9248AC9BB001B6481 /* Constants.swift in Sources */ = {isa = PBXBuildFile; fileRef = 9E545EE8248AC9BB001B6481 /* Constants.swift */; };
		9E54D15D248ADB800004FA3A /* GoogleService-Info.plist in Resources */ = {isa = PBXBuildFile; fileRef = 9E54D15C248ADB800004FA3A /* GoogleService-Info.plist */; };
		9E6A4F3C24892F9C0058369F /* AppDelegate.swift in Sources */ = {isa = PBXBuildFile; fileRef = 9E6A4F3B24892F9C0058369F /* AppDelegate.swift */; };
		9E6A4F3E24892F9C0058369F /* SceneDelegate.swift in Sources */ = {isa = PBXBuildFile; fileRef = 9E6A4F3D24892F9C0058369F /* SceneDelegate.swift */; };
		9E6A4F4024892F9C0058369F /* WelcomeViewController.swift in Sources */ = {isa = PBXBuildFile; fileRef = 9E6A4F3F24892F9C0058369F /* WelcomeViewController.swift */; };
		9E6A4F4324892F9C0058369F /* Main.storyboard in Resources */ = {isa = PBXBuildFile; fileRef = 9E6A4F4124892F9C0058369F /* Main.storyboard */; };
		9E6A4F4524892F9E0058369F /* Assets.xcassets in Resources */ = {isa = PBXBuildFile; fileRef = 9E6A4F4424892F9E0058369F /* Assets.xcassets */; };
		9E6A4F4824892F9E0058369F /* LaunchScreen.storyboard in Resources */ = {isa = PBXBuildFile; fileRef = 9E6A4F4624892F9E0058369F /* LaunchScreen.storyboard */; };
		9E6A4F51248934400058369F /* RaisedUIButton.swift in Sources */ = {isa = PBXBuildFile; fileRef = 9E6A4F50248934400058369F /* RaisedUIButton.swift */; };
		9E6A4F5324893BB70058369F /* OutlineButton.swift in Sources */ = {isa = PBXBuildFile; fileRef = 9E6A4F5224893BB70058369F /* OutlineButton.swift */; };
		9E6A4F55248951730058369F /* CustomUITextField.swift in Sources */ = {isa = PBXBuildFile; fileRef = 9E6A4F54248951730058369F /* CustomUITextField.swift */; };
		9E6A4F57248972C80058369F /* CardView.swift in Sources */ = {isa = PBXBuildFile; fileRef = 9E6A4F56248972C80058369F /* CardView.swift */; };
		9E6A4F59248977700058369F /* RoundedSegmentedControl.swift in Sources */ = {isa = PBXBuildFile; fileRef = 9E6A4F58248977700058369F /* RoundedSegmentedControl.swift */; };
		9E93FF34248EE45600762082 /* FirestoreServices.swift in Sources */ = {isa = PBXBuildFile; fileRef = 9E93FF33248EE45600762082 /* FirestoreServices.swift */; };
		9E93FF36248EE4BA00762082 /* DrivelyRequest.swift in Sources */ = {isa = PBXBuildFile; fileRef = 9E93FF35248EE4BA00762082 /* DrivelyRequest.swift */; };
		9E93FF38248EEE7E00762082 /* UIServices.swift in Sources */ = {isa = PBXBuildFile; fileRef = 9E93FF37248EEE7E00762082 /* UIServices.swift */; };
		9EAFC7E524929490002DE446 /* RequestsTableViewCell.swift in Sources */ = {isa = PBXBuildFile; fileRef = 9EAFC7E324929490002DE446 /* RequestsTableViewCell.swift */; };
		9EAFC7E624929490002DE446 /* RequestsTableViewCell.xib in Resources */ = {isa = PBXBuildFile; fileRef = 9EAFC7E424929490002DE446 /* RequestsTableViewCell.xib */; };
		9EAFC7E8249296BF002DE446 /* CircularView.swift in Sources */ = {isa = PBXBuildFile; fileRef = 9EAFC7E7249296BE002DE446 /* CircularView.swift */; };
		9EAFC7EA2492A85C002DE446 /* Double+FormatToPoints.swift in Sources */ = {isa = PBXBuildFile; fileRef = 9EAFC7E92492A85C002DE446 /* Double+FormatToPoints.swift */; };
		9EFCFDFB249162930048DB61 /* TableView+EmptyTableState.swift in Sources */ = {isa = PBXBuildFile; fileRef = 9EFCFDFA249162930048DB61 /* TableView+EmptyTableState.swift */; };
		9EFCFDFD249165EB0048DB61 /* DriverRequestsTableViewController.swift in Sources */ = {isa = PBXBuildFile; fileRef = 9EFCFDFC249165EB0048DB61 /* DriverRequestsTableViewController.swift */; };
/* End PBXBuildFile section */

/* Begin PBXFileReference section */
		0FFB03CE77F618EFF1ABF53C /* Pods-Drively.debug.xcconfig */ = {isa = PBXFileReference; includeInIndex = 1; lastKnownFileType = text.xcconfig; name = "Pods-Drively.debug.xcconfig"; path = "Target Support Files/Pods-Drively/Pods-Drively.debug.xcconfig"; sourceTree = "<group>"; };
		1C925772E092E0CEB89AF947 /* Pods_Drively.framework */ = {isa = PBXFileReference; explicitFileType = wrapper.framework; includeInIndex = 0; path = Pods_Drively.framework; sourceTree = BUILT_PRODUCTS_DIR; };
		9E2CDA67248BEC760084E172 /* RiderViewController.swift */ = {isa = PBXFileReference; lastKnownFileType = sourcecode.swift; path = RiderViewController.swift; sourceTree = "<group>"; };
		9E2CDA69248BF1E20084E172 /* SettingsTableViewController.swift */ = {isa = PBXFileReference; lastKnownFileType = sourcecode.swift; path = SettingsTableViewController.swift; sourceTree = "<group>"; };
		9E545EE2248A7B6E001B6481 /* CircularButton.swift */ = {isa = PBXFileReference; lastKnownFileType = sourcecode.swift; path = CircularButton.swift; sourceTree = "<group>"; };
		9E545EE6248AC863001B6481 /* LoginViewController.swift */ = {isa = PBXFileReference; lastKnownFileType = sourcecode.swift; path = LoginViewController.swift; sourceTree = "<group>"; };
		9E545EE8248AC9BB001B6481 /* Constants.swift */ = {isa = PBXFileReference; lastKnownFileType = sourcecode.swift; path = Constants.swift; sourceTree = "<group>"; };
		9E54D15C248ADB800004FA3A /* GoogleService-Info.plist */ = {isa = PBXFileReference; fileEncoding = 4; lastKnownFileType = text.plist.xml; path = "GoogleService-Info.plist"; sourceTree = "<group>"; };
		9E6A4F3824892F9C0058369F /* Drively.app */ = {isa = PBXFileReference; explicitFileType = wrapper.application; includeInIndex = 0; path = Drively.app; sourceTree = BUILT_PRODUCTS_DIR; };
		9E6A4F3B24892F9C0058369F /* AppDelegate.swift */ = {isa = PBXFileReference; lastKnownFileType = sourcecode.swift; path = AppDelegate.swift; sourceTree = "<group>"; };
		9E6A4F3D24892F9C0058369F /* SceneDelegate.swift */ = {isa = PBXFileReference; lastKnownFileType = sourcecode.swift; path = SceneDelegate.swift; sourceTree = "<group>"; };
		9E6A4F3F24892F9C0058369F /* WelcomeViewController.swift */ = {isa = PBXFileReference; lastKnownFileType = sourcecode.swift; path = WelcomeViewController.swift; sourceTree = "<group>"; };
		9E6A4F4224892F9C0058369F /* Base */ = {isa = PBXFileReference; lastKnownFileType = file.storyboard; name = Base; path = Base.lproj/Main.storyboard; sourceTree = "<group>"; };
		9E6A4F4424892F9E0058369F /* Assets.xcassets */ = {isa = PBXFileReference; lastKnownFileType = folder.assetcatalog; path = Assets.xcassets; sourceTree = "<group>"; };
		9E6A4F4724892F9E0058369F /* Base */ = {isa = PBXFileReference; lastKnownFileType = file.storyboard; name = Base; path = Base.lproj/LaunchScreen.storyboard; sourceTree = "<group>"; };
		9E6A4F4924892F9E0058369F /* Info.plist */ = {isa = PBXFileReference; lastKnownFileType = text.plist.xml; path = Info.plist; sourceTree = "<group>"; };
		9E6A4F50248934400058369F /* RaisedUIButton.swift */ = {isa = PBXFileReference; lastKnownFileType = sourcecode.swift; path = RaisedUIButton.swift; sourceTree = "<group>"; };
		9E6A4F5224893BB70058369F /* OutlineButton.swift */ = {isa = PBXFileReference; lastKnownFileType = sourcecode.swift; path = OutlineButton.swift; sourceTree = "<group>"; };
		9E6A4F54248951730058369F /* CustomUITextField.swift */ = {isa = PBXFileReference; lastKnownFileType = sourcecode.swift; path = CustomUITextField.swift; sourceTree = "<group>"; };
		9E6A4F56248972C80058369F /* CardView.swift */ = {isa = PBXFileReference; fileEncoding = 4; lastKnownFileType = sourcecode.swift; path = CardView.swift; sourceTree = "<group>"; };
		9E6A4F58248977700058369F /* RoundedSegmentedControl.swift */ = {isa = PBXFileReference; lastKnownFileType = sourcecode.swift; path = RoundedSegmentedControl.swift; sourceTree = "<group>"; };
		9E93FF33248EE45600762082 /* FirestoreServices.swift */ = {isa = PBXFileReference; lastKnownFileType = sourcecode.swift; path = FirestoreServices.swift; sourceTree = "<group>"; };
		9E93FF35248EE4BA00762082 /* DrivelyRequest.swift */ = {isa = PBXFileReference; lastKnownFileType = sourcecode.swift; path = DrivelyRequest.swift; sourceTree = "<group>"; };
		9E93FF37248EEE7E00762082 /* UIServices.swift */ = {isa = PBXFileReference; lastKnownFileType = sourcecode.swift; path = UIServices.swift; sourceTree = "<group>"; };
		9EAFC7E324929490002DE446 /* RequestsTableViewCell.swift */ = {isa = PBXFileReference; lastKnownFileType = sourcecode.swift; path = RequestsTableViewCell.swift; sourceTree = "<group>"; };
		9EAFC7E424929490002DE446 /* RequestsTableViewCell.xib */ = {isa = PBXFileReference; lastKnownFileType = file.xib; path = RequestsTableViewCell.xib; sourceTree = "<group>"; };
		9EAFC7E7249296BE002DE446 /* CircularView.swift */ = {isa = PBXFileReference; fileEncoding = 4; lastKnownFileType = sourcecode.swift; path = CircularView.swift; sourceTree = "<group>"; };
		9EAFC7E92492A85C002DE446 /* Double+FormatToPoints.swift */ = {isa = PBXFileReference; lastKnownFileType = sourcecode.swift; path = "Double+FormatToPoints.swift"; sourceTree = "<group>"; };
		9EFCFDFA249162930048DB61 /* TableView+EmptyTableState.swift */ = {isa = PBXFileReference; lastKnownFileType = sourcecode.swift; path = "TableView+EmptyTableState.swift"; sourceTree = "<group>"; };
		9EFCFDFC249165EB0048DB61 /* DriverRequestsTableViewController.swift */ = {isa = PBXFileReference; lastKnownFileType = sourcecode.swift; path = DriverRequestsTableViewController.swift; sourceTree = "<group>"; };
		DE3C818905987CCE41BB777A /* Pods-Drively.release.xcconfig */ = {isa = PBXFileReference; includeInIndex = 1; lastKnownFileType = text.xcconfig; name = "Pods-Drively.release.xcconfig"; path = "Target Support Files/Pods-Drively/Pods-Drively.release.xcconfig"; sourceTree = "<group>"; };
/* End PBXFileReference section */

/* Begin PBXFrameworksBuildPhase section */
		9E6A4F3524892F9C0058369F /* Frameworks */ = {
			isa = PBXFrameworksBuildPhase;
			buildActionMask = 2147483647;
			files = (
				972955E61C9606E4F5359666 /* Pods_Drively.framework in Frameworks */,
			);
			runOnlyForDeploymentPostprocessing = 0;
		};
/* End PBXFrameworksBuildPhase section */

/* Begin PBXGroup section */
		48B311D347CB1D8A9830F9C2 /* Frameworks */ = {
			isa = PBXGroup;
			children = (
				1C925772E092E0CEB89AF947 /* Pods_Drively.framework */,
			);
			name = Frameworks;
			sourceTree = "<group>";
		};
		9E545EE4248AC7D6001B6481 /* Main */ = {
			isa = PBXGroup;
			children = (
				9E6A4F3B24892F9C0058369F /* AppDelegate.swift */,
				9E6A4F3D24892F9C0058369F /* SceneDelegate.swift */,
				9E545EE8248AC9BB001B6481 /* Constants.swift */,
			);
			path = Main;
			sourceTree = "<group>";
		};
		9E545EE5248AC7E0001B6481 /* Controller */ = {
			isa = PBXGroup;
			children = (
				9E6A4F3F24892F9C0058369F /* WelcomeViewController.swift */,
				9E545EE6248AC863001B6481 /* LoginViewController.swift */,
				9E2CDA67248BEC760084E172 /* RiderViewController.swift */,
				9E2CDA69248BF1E20084E172 /* SettingsTableViewController.swift */,
				9EFCFDFC249165EB0048DB61 /* DriverRequestsTableViewController.swift */,
			);
			path = Controller;
			sourceTree = "<group>";
		};
		9E545EEA248ACA9B001B6481 /* Model */ = {
			isa = PBXGroup;
			children = (
				9E93FF35248EE4BA00762082 /* DrivelyRequest.swift */,
			);
			path = Model;
			sourceTree = "<group>";
		};
		9E6A4F2F24892F9C0058369F = {
			isa = PBXGroup;
			children = (
				9E6A4F3A24892F9C0058369F /* Drively */,
				9E6A4F3924892F9C0058369F /* Products */,
				9E74AB749618AACC58E8A93B /* Pods */,
				48B311D347CB1D8A9830F9C2 /* Frameworks */,
			);
			sourceTree = "<group>";
		};
		9E6A4F3924892F9C0058369F /* Products */ = {
			isa = PBXGroup;
			children = (
				9E6A4F3824892F9C0058369F /* Drively.app */,
			);
			name = Products;
			sourceTree = "<group>";
		};
		9E6A4F3A24892F9C0058369F /* Drively */ = {
			isa = PBXGroup;
			children = (
				9EFCFDF92491622F0048DB61 /* Extensions */,
				9E93FF32248EE43400762082 /* Services */,
				9E545EEA248ACA9B001B6481 /* Model */,
				9E545EE4248AC7D6001B6481 /* Main */,
				9E545EE5248AC7E0001B6481 /* Controller */,
				9E6A4F4F2489340D0058369F /* View */,
				9E6A4F4424892F9E0058369F /* Assets.xcassets */,
				9E54D15C248ADB800004FA3A /* GoogleService-Info.plist */,
				9E6A4F4924892F9E0058369F /* Info.plist */,
			);
			path = Drively;
			sourceTree = "<group>";
		};
		9E6A4F4F2489340D0058369F /* View */ = {
			isa = PBXGroup;
			children = (
				9E6A4F56248972C80058369F /* CardView.swift */,
				9E6A4F4124892F9C0058369F /* Main.storyboard */,
				9E6A4F4624892F9E0058369F /* LaunchScreen.storyboard */,
				9E6A4F50248934400058369F /* RaisedUIButton.swift */,
				9E6A4F5224893BB70058369F /* OutlineButton.swift */,
				9EAFC7E7249296BE002DE446 /* CircularView.swift */,
				9E6A4F54248951730058369F /* CustomUITextField.swift */,
				9E6A4F58248977700058369F /* RoundedSegmentedControl.swift */,
				9E545EE2248A7B6E001B6481 /* CircularButton.swift */,
				9EAFC7E324929490002DE446 /* RequestsTableViewCell.swift */,
				9EAFC7E424929490002DE446 /* RequestsTableViewCell.xib */,
			);
			path = View;
			sourceTree = "<group>";
		};
		9E74AB749618AACC58E8A93B /* Pods */ = {
			isa = PBXGroup;
			children = (
				0FFB03CE77F618EFF1ABF53C /* Pods-Drively.debug.xcconfig */,
				DE3C818905987CCE41BB777A /* Pods-Drively.release.xcconfig */,
			);
			path = Pods;
			sourceTree = "<group>";
		};
		9E93FF32248EE43400762082 /* Services */ = {
			isa = PBXGroup;
			children = (
				9E93FF33248EE45600762082 /* FirestoreServices.swift */,
				9E93FF37248EEE7E00762082 /* UIServices.swift */,
			);
			path = Services;
			sourceTree = "<group>";
		};
		9EFCFDF92491622F0048DB61 /* Extensions */ = {
			isa = PBXGroup;
			children = (
				9EFCFDFA249162930048DB61 /* TableView+EmptyTableState.swift */,
				9EAFC7E92492A85C002DE446 /* Double+FormatToPoints.swift */,
			);
			path = Extensions;
			sourceTree = "<group>";
		};
/* End PBXGroup section */

/* Begin PBXNativeTarget section */
		9E6A4F3724892F9C0058369F /* Drively */ = {
			isa = PBXNativeTarget;
			buildConfigurationList = 9E6A4F4C24892F9E0058369F /* Build configuration list for PBXNativeTarget "Drively" */;
			buildPhases = (
				A7C5D352241EE27906122F61 /* [CP] Check Pods Manifest.lock */,
				9E6A4F3424892F9C0058369F /* Sources */,
				9E6A4F3524892F9C0058369F /* Frameworks */,
				9E6A4F3624892F9C0058369F /* Resources */,
				B21499EBE7C41664FE6CCFD7 /* [CP] Embed Pods Frameworks */,
			);
			buildRules = (
			);
			dependencies = (
			);
			name = Drively;
			productName = Drively;
			productReference = 9E6A4F3824892F9C0058369F /* Drively.app */;
			productType = "com.apple.product-type.application";
		};
/* End PBXNativeTarget section */

/* Begin PBXProject section */
		9E6A4F3024892F9C0058369F /* Project object */ = {
			isa = PBXProject;
			attributes = {
				LastSwiftUpdateCheck = 1130;
				LastUpgradeCheck = 1130;
				ORGANIZATIONNAME = "Mohaned Yossry";
				TargetAttributes = {
					9E6A4F3724892F9C0058369F = {
						CreatedOnToolsVersion = 11.3.1;
					};
				};
			};
			buildConfigurationList = 9E6A4F3324892F9C0058369F /* Build configuration list for PBXProject "Drively" */;
			compatibilityVersion = "Xcode 9.3";
			developmentRegion = en;
			hasScannedForEncodings = 0;
			knownRegions = (
				en,
				Base,
			);
			mainGroup = 9E6A4F2F24892F9C0058369F;
			productRefGroup = 9E6A4F3924892F9C0058369F /* Products */;
			projectDirPath = "";
			projectRoot = "";
			targets = (
				9E6A4F3724892F9C0058369F /* Drively */,
			);
		};
/* End PBXProject section */

/* Begin PBXResourcesBuildPhase section */
		9E6A4F3624892F9C0058369F /* Resources */ = {
			isa = PBXResourcesBuildPhase;
			buildActionMask = 2147483647;
			files = (
				9E6A4F4824892F9E0058369F /* LaunchScreen.storyboard in Resources */,
				9E6A4F4524892F9E0058369F /* Assets.xcassets in Resources */,
				9EAFC7E624929490002DE446 /* RequestsTableViewCell.xib in Resources */,
				9E6A4F4324892F9C0058369F /* Main.storyboard in Resources */,
				9E54D15D248ADB800004FA3A /* GoogleService-Info.plist in Resources */,
			);
			runOnlyForDeploymentPostprocessing = 0;
		};
/* End PBXResourcesBuildPhase section */

/* Begin PBXShellScriptBuildPhase section */
		A7C5D352241EE27906122F61 /* [CP] Check Pods Manifest.lock */ = {
			isa = PBXShellScriptBuildPhase;
			buildActionMask = 2147483647;
			files = (
			);
			inputFileListPaths = (
			);
			inputPaths = (
				"${PODS_PODFILE_DIR_PATH}/Podfile.lock",
				"${PODS_ROOT}/Manifest.lock",
			);
			name = "[CP] Check Pods Manifest.lock";
			outputFileListPaths = (
			);
			outputPaths = (
				"$(DERIVED_FILE_DIR)/Pods-Drively-checkManifestLockResult.txt",
			);
			runOnlyForDeploymentPostprocessing = 0;
			shellPath = /bin/sh;
			shellScript = "diff \"${PODS_PODFILE_DIR_PATH}/Podfile.lock\" \"${PODS_ROOT}/Manifest.lock\" > /dev/null\nif [ $? != 0 ] ; then\n    # print error to STDERR\n    echo \"error: The sandbox is not in sync with the Podfile.lock. Run 'pod install' or update your CocoaPods installation.\" >&2\n    exit 1\nfi\n# This output is used by Xcode 'outputs' to avoid re-running this script phase.\necho \"SUCCESS\" > \"${SCRIPT_OUTPUT_FILE_0}\"\n";
			showEnvVarsInLog = 0;
		};
		B21499EBE7C41664FE6CCFD7 /* [CP] Embed Pods Frameworks */ = {
			isa = PBXShellScriptBuildPhase;
			buildActionMask = 2147483647;
			files = (
			);
			inputFileListPaths = (
				"${PODS_ROOT}/Target Support Files/Pods-Drively/Pods-Drively-frameworks-${CONFIGURATION}-input-files.xcfilelist",
			);
			name = "[CP] Embed Pods Frameworks";
			outputFileListPaths = (
				"${PODS_ROOT}/Target Support Files/Pods-Drively/Pods-Drively-frameworks-${CONFIGURATION}-output-files.xcfilelist",
			);
			runOnlyForDeploymentPostprocessing = 0;
			shellPath = /bin/sh;
			shellScript = "\"${PODS_ROOT}/Target Support Files/Pods-Drively/Pods-Drively-frameworks.sh\"\n";
			showEnvVarsInLog = 0;
		};
/* End PBXShellScriptBuildPhase section */

/* Begin PBXSourcesBuildPhase section */
		9E6A4F3424892F9C0058369F /* Sources */ = {
			isa = PBXSourcesBuildPhase;
			buildActionMask = 2147483647;
			files = (
				9EAFC7EA2492A85C002DE446 /* Double+FormatToPoints.swift in Sources */,
				9EFCFDFB249162930048DB61 /* TableView+EmptyTableState.swift in Sources */,
				9E6A4F57248972C80058369F /* CardView.swift in Sources */,
				9E2CDA6A248BF1E20084E172 /* SettingsTableViewController.swift in Sources */,
				9E93FF36248EE4BA00762082 /* DrivelyRequest.swift in Sources */,
				9E2CDA68248BEC760084E172 /* RiderViewController.swift in Sources */,
				9EAFC7E8249296BF002DE446 /* CircularView.swift in Sources */,
				9E545EE9248AC9BB001B6481 /* Constants.swift in Sources */,
				9E6A4F5324893BB70058369F /* OutlineButton.swift in Sources */,
				9E6A4F4024892F9C0058369F /* WelcomeViewController.swift in Sources */,
				9E6A4F51248934400058369F /* RaisedUIButton.swift in Sources */,
				9E6A4F3C24892F9C0058369F /* AppDelegate.swift in Sources */,
				9E6A4F55248951730058369F /* CustomUITextField.swift in Sources */,
				9E6A4F59248977700058369F /* RoundedSegmentedControl.swift in Sources */,
				9E93FF34248EE45600762082 /* FirestoreServices.swift in Sources */,
				9E6A4F3E24892F9C0058369F /* SceneDelegate.swift in Sources */,
				9E93FF38248EEE7E00762082 /* UIServices.swift in Sources */,
				9E545EE7248AC863001B6481 /* LoginViewController.swift in Sources */,
				9E545EE3248A7B6E001B6481 /* CircularButton.swift in Sources */,
				9EFCFDFD249165EB0048DB61 /* DriverRequestsTableViewController.swift in Sources */,
				9EAFC7E524929490002DE446 /* RequestsTableViewCell.swift in Sources */,
			);
			runOnlyForDeploymentPostprocessing = 0;
		};
/* End PBXSourcesBuildPhase section */

/* Begin PBXVariantGroup section */
		9E6A4F4124892F9C0058369F /* Main.storyboard */ = {
			isa = PBXVariantGroup;
			children = (
				9E6A4F4224892F9C0058369F /* Base */,
			);
			name = Main.storyboard;
			sourceTree = "<group>";
		};
		9E6A4F4624892F9E0058369F /* LaunchScreen.storyboard */ = {
			isa = PBXVariantGroup;
			children = (
				9E6A4F4724892F9E0058369F /* Base */,
			);
			name = LaunchScreen.storyboard;
			sourceTree = "<group>";
		};
/* End PBXVariantGroup section */

/* Begin XCBuildConfiguration section */
		9E6A4F4A24892F9E0058369F /* Debug */ = {
			isa = XCBuildConfiguration;
			buildSettings = {
				ALWAYS_SEARCH_USER_PATHS = NO;
				CLANG_ANALYZER_NONNULL = YES;
				CLANG_ANALYZER_NUMBER_OBJECT_CONVERSION = YES_AGGRESSIVE;
				CLANG_CXX_LANGUAGE_STANDARD = "gnu++14";
				CLANG_CXX_LIBRARY = "libc++";
				CLANG_ENABLE_MODULES = YES;
				CLANG_ENABLE_OBJC_ARC = YES;
				CLANG_ENABLE_OBJC_WEAK = YES;
				CLANG_WARN_BLOCK_CAPTURE_AUTORELEASING = YES;
				CLANG_WARN_BOOL_CONVERSION = YES;
				CLANG_WARN_COMMA = YES;
				CLANG_WARN_CONSTANT_CONVERSION = YES;
				CLANG_WARN_DEPRECATED_OBJC_IMPLEMENTATIONS = YES;
				CLANG_WARN_DIRECT_OBJC_ISA_USAGE = YES_ERROR;
				CLANG_WARN_DOCUMENTATION_COMMENTS = YES;
				CLANG_WARN_EMPTY_BODY = YES;
				CLANG_WARN_ENUM_CONVERSION = YES;
				CLANG_WARN_INFINITE_RECURSION = YES;
				CLANG_WARN_INT_CONVERSION = YES;
				CLANG_WARN_NON_LITERAL_NULL_CONVERSION = YES;
				CLANG_WARN_OBJC_IMPLICIT_RETAIN_SELF = YES;
				CLANG_WARN_OBJC_LITERAL_CONVERSION = YES;
				CLANG_WARN_OBJC_ROOT_CLASS = YES_ERROR;
				CLANG_WARN_RANGE_LOOP_ANALYSIS = YES;
				CLANG_WARN_STRICT_PROTOTYPES = YES;
				CLANG_WARN_SUSPICIOUS_MOVE = YES;
				CLANG_WARN_UNGUARDED_AVAILABILITY = YES_AGGRESSIVE;
				CLANG_WARN_UNREACHABLE_CODE = YES;
				CLANG_WARN__DUPLICATE_METHOD_MATCH = YES;
				COPY_PHASE_STRIP = NO;
				DEBUG_INFORMATION_FORMAT = dwarf;
				ENABLE_STRICT_OBJC_MSGSEND = YES;
				ENABLE_TESTABILITY = YES;
				GCC_C_LANGUAGE_STANDARD = gnu11;
				GCC_DYNAMIC_NO_PIC = NO;
				GCC_NO_COMMON_BLOCKS = YES;
				GCC_OPTIMIZATION_LEVEL = 0;
				GCC_PREPROCESSOR_DEFINITIONS = (
					"DEBUG=1",
					"$(inherited)",
				);
				GCC_WARN_64_TO_32_BIT_CONVERSION = YES;
				GCC_WARN_ABOUT_RETURN_TYPE = YES_ERROR;
				GCC_WARN_UNDECLARED_SELECTOR = YES;
				GCC_WARN_UNINITIALIZED_AUTOS = YES_AGGRESSIVE;
				GCC_WARN_UNUSED_FUNCTION = YES;
				GCC_WARN_UNUSED_VARIABLE = YES;
				IPHONEOS_DEPLOYMENT_TARGET = 13.2;
				MTL_ENABLE_DEBUG_INFO = INCLUDE_SOURCE;
				MTL_FAST_MATH = YES;
				ONLY_ACTIVE_ARCH = YES;
				SDKROOT = iphoneos;
				SWIFT_ACTIVE_COMPILATION_CONDITIONS = DEBUG;
				SWIFT_OPTIMIZATION_LEVEL = "-Onone";
			};
			name = Debug;
		};
		9E6A4F4B24892F9E0058369F /* Release */ = {
			isa = XCBuildConfiguration;
			buildSettings = {
				ALWAYS_SEARCH_USER_PATHS = NO;
				CLANG_ANALYZER_NONNULL = YES;
				CLANG_ANALYZER_NUMBER_OBJECT_CONVERSION = YES_AGGRESSIVE;
				CLANG_CXX_LANGUAGE_STANDARD = "gnu++14";
				CLANG_CXX_LIBRARY = "libc++";
				CLANG_ENABLE_MODULES = YES;
				CLANG_ENABLE_OBJC_ARC = YES;
				CLANG_ENABLE_OBJC_WEAK = YES;
				CLANG_WARN_BLOCK_CAPTURE_AUTORELEASING = YES;
				CLANG_WARN_BOOL_CONVERSION = YES;
				CLANG_WARN_COMMA = YES;
				CLANG_WARN_CONSTANT_CONVERSION = YES;
				CLANG_WARN_DEPRECATED_OBJC_IMPLEMENTATIONS = YES;
				CLANG_WARN_DIRECT_OBJC_ISA_USAGE = YES_ERROR;
				CLANG_WARN_DOCUMENTATION_COMMENTS = YES;
				CLANG_WARN_EMPTY_BODY = YES;
				CLANG_WARN_ENUM_CONVERSION = YES;
				CLANG_WARN_INFINITE_RECURSION = YES;
				CLANG_WARN_INT_CONVERSION = YES;
				CLANG_WARN_NON_LITERAL_NULL_CONVERSION = YES;
				CLANG_WARN_OBJC_IMPLICIT_RETAIN_SELF = YES;
				CLANG_WARN_OBJC_LITERAL_CONVERSION = YES;
				CLANG_WARN_OBJC_ROOT_CLASS = YES_ERROR;
				CLANG_WARN_RANGE_LOOP_ANALYSIS = YES;
				CLANG_WARN_STRICT_PROTOTYPES = YES;
				CLANG_WARN_SUSPICIOUS_MOVE = YES;
				CLANG_WARN_UNGUARDED_AVAILABILITY = YES_AGGRESSIVE;
				CLANG_WARN_UNREACHABLE_CODE = YES;
				CLANG_WARN__DUPLICATE_METHOD_MATCH = YES;
				COPY_PHASE_STRIP = NO;
				DEBUG_INFORMATION_FORMAT = "dwarf-with-dsym";
				ENABLE_NS_ASSERTIONS = NO;
				ENABLE_STRICT_OBJC_MSGSEND = YES;
				GCC_C_LANGUAGE_STANDARD = gnu11;
				GCC_NO_COMMON_BLOCKS = YES;
				GCC_WARN_64_TO_32_BIT_CONVERSION = YES;
				GCC_WARN_ABOUT_RETURN_TYPE = YES_ERROR;
				GCC_WARN_UNDECLARED_SELECTOR = YES;
				GCC_WARN_UNINITIALIZED_AUTOS = YES_AGGRESSIVE;
				GCC_WARN_UNUSED_FUNCTION = YES;
				GCC_WARN_UNUSED_VARIABLE = YES;
				IPHONEOS_DEPLOYMENT_TARGET = 13.2;
				MTL_ENABLE_DEBUG_INFO = NO;
				MTL_FAST_MATH = YES;
				SDKROOT = iphoneos;
				SWIFT_COMPILATION_MODE = wholemodule;
				SWIFT_OPTIMIZATION_LEVEL = "-O";
				VALIDATE_PRODUCT = YES;
			};
			name = Release;
		};
		9E6A4F4D24892F9E0058369F /* Debug */ = {
			isa = XCBuildConfiguration;
			baseConfigurationReference = 0FFB03CE77F618EFF1ABF53C /* Pods-Drively.debug.xcconfig */;
			buildSettings = {
				ASSETCATALOG_COMPILER_APPICON_NAME = AppIcon;
				CODE_SIGN_STYLE = Automatic;
				DEVELOPMENT_TEAM = 8FQG26DZ84;
				INFOPLIST_FILE = Drively/Info.plist;
				LD_RUNPATH_SEARCH_PATHS = (
					"$(inherited)",
					"@executable_path/Frameworks",
				);
				PRODUCT_BUNDLE_IDENTIFIER = mohanedy98.Drively;
				PRODUCT_NAME = "$(TARGET_NAME)";
				SWIFT_VERSION = 5.0;
				TARGETED_DEVICE_FAMILY = "1,2";
			};
			name = Debug;
		};
		9E6A4F4E24892F9E0058369F /* Release */ = {
			isa = XCBuildConfiguration;
			baseConfigurationReference = DE3C818905987CCE41BB777A /* Pods-Drively.release.xcconfig */;
			buildSettings = {
				ASSETCATALOG_COMPILER_APPICON_NAME = AppIcon;
				CODE_SIGN_STYLE = Automatic;
				DEVELOPMENT_TEAM = 8FQG26DZ84;
				INFOPLIST_FILE = Drively/Info.plist;
				LD_RUNPATH_SEARCH_PATHS = (
					"$(inherited)",
					"@executable_path/Frameworks",
				);
				PRODUCT_BUNDLE_IDENTIFIER = mohanedy98.Drively;
				PRODUCT_NAME = "$(TARGET_NAME)";
				SWIFT_VERSION = 5.0;
				TARGETED_DEVICE_FAMILY = "1,2";
			};
			name = Release;
		};
/* End XCBuildConfiguration section */

/* Begin XCConfigurationList section */
		9E6A4F3324892F9C0058369F /* Build configuration list for PBXProject "Drively" */ = {
			isa = XCConfigurationList;
			buildConfigurations = (
				9E6A4F4A24892F9E0058369F /* Debug */,
				9E6A4F4B24892F9E0058369F /* Release */,
			);
			defaultConfigurationIsVisible = 0;
			defaultConfigurationName = Release;
		};
		9E6A4F4C24892F9E0058369F /* Build configuration list for PBXNativeTarget "Drively" */ = {
			isa = XCConfigurationList;
			buildConfigurations = (
				9E6A4F4D24892F9E0058369F /* Debug */,
				9E6A4F4E24892F9E0058369F /* Release */,
			);
			defaultConfigurationIsVisible = 0;
			defaultConfigurationName = Release;
		};
/* End XCConfigurationList section */
	};
	rootObject = 9E6A4F3024892F9C0058369F /* Project object */;
}
